
Microsoft Visual Studio Solution File, Format Version 12.00
# Visual Studio Version 17
VisualStudioVersion = 17.0.31903.59
MinimumVisualStudioVersion = 10.0.40219.1
Project("{2150E333-8FDC-42A3-9474-1A3956D46DE8}") = "src", "src", "{827E0CD3-B72D-47B6-A68D-7590B98EB39B}"
EndProject
Project("{FAE04EC0-301F-11D3-BF4B-00C04F79EFBC}") = "Authorizer.AppHost", "src\Authorizer.AppHost\Authorizer.AppHost.csproj", "{4D17D5CB-23C6-4C10-AEFD-89542B2CC128}"
EndProject
Project("{FAE04EC0-301F-11D3-BF4B-00C04F79EFBC}") = "Authorizer.ServiceDefaults", "src\Authorizer.ServiceDefaults\Authorizer.ServiceDefaults.csproj", "{068A3B70-7E60-45C0-BC5C-BD92834F6DB1}"
EndProject
Global
	GlobalSection(SolutionConfigurationPlatforms) = preSolution
		Debug|Any CPU = Debug|Any CPU
		Debug|x64 = Debug|x64
		Debug|x86 = Debug|x86
		Release|Any CPU = Release|Any CPU
		Release|x64 = Release|x64
		Release|x86 = Release|x86
	EndGlobalSection
	GlobalSection(ProjectConfigurationPlatforms) = postSolution
		{4D17D5CB-23C6-4C10-AEFD-89542B2CC128}.Debug|Any CPU.ActiveCfg = Debug|Any CPU
		{4D17D5CB-23C6-4C10-AEFD-89542B2CC128}.Debug|Any CPU.Build.0 = Debug|Any CPU
		{4D17D5CB-23C6-4C10-AEFD-89542B2CC128}.Debug|x64.ActiveCfg = Debug|Any CPU
		{4D17D5CB-23C6-4C10-AEFD-89542B2CC128}.Debug|x64.Build.0 = Debug|Any CPU
		{4D17D5CB-23C6-4C10-AEFD-89542B2CC128}.Debug|x86.ActiveCfg = Debug|Any CPU
		{4D17D5CB-23C6-4C10-AEFD-89542B2CC128}.Debug|x86.Build.0 = Debug|Any CPU
		{4D17D5CB-23C6-4C10-AEFD-89542B2CC128}.Release|Any CPU.ActiveCfg = Release|Any CPU
		{4D17D5CB-23C6-4C10-AEFD-89542B2CC128}.Release|Any CPU.Build.0 = Release|Any CPU
		{4D17D5CB-23C6-4C10-AEFD-89542B2CC128}.Release|x64.ActiveCfg = Release|Any CPU
		{4D17D5CB-23C6-4C10-AEFD-89542B2CC128}.Release|x64.Build.0 = Release|Any CPU
		{4D17D5CB-23C6-4C10-AEFD-89542B2CC128}.Release|x86.ActiveCfg = Release|Any CPU
		{4D17D5CB-23C6-4C10-AEFD-89542B2CC128}.Release|x86.Build.0 = Release|Any CPU
		{068A3B70-7E60-45C0-BC5C-BD92834F6DB1}.Debug|Any CPU.ActiveCfg = Debug|Any CPU
		{068A3B70-7E60-45C0-BC5C-BD92834F6DB1}.Debug|Any CPU.Build.0 = Debug|Any CPU
		{068A3B70-7E60-45C0-BC5C-BD92834F6DB1}.Debug|x64.ActiveCfg = Debug|Any CPU
		{068A3B70-7E60-45C0-BC5C-BD92834F6DB1}.Debug|x64.Build.0 = Debug|Any CPU
		{068A3B70-7E60-45C0-BC5C-BD92834F6DB1}.Debug|x86.ActiveCfg = Debug|Any CPU
		{068A3B70-7E60-45C0-BC5C-BD92834F6DB1}.Debug|x86.Build.0 = Debug|Any CPU
		{068A3B70-7E60-45C0-BC5C-BD92834F6DB1}.Release|Any CPU.ActiveCfg = Release|Any CPU
		{068A3B70-7E60-45C0-BC5C-BD92834F6DB1}.Release|Any CPU.Build.0 = Release|Any CPU
		{068A3B70-7E60-45C0-BC5C-BD92834F6DB1}.Release|x64.ActiveCfg = Release|Any CPU
		{068A3B70-7E60-45C0-BC5C-BD92834F6DB1}.Release|x64.Build.0 = Release|Any CPU
		{068A3B70-7E60-45C0-BC5C-BD92834F6DB1}.Release|x86.ActiveCfg = Release|Any CPU
		{068A3B70-7E60-45C0-BC5C-BD92834F6DB1}.Release|x86.Build.0 = Release|Any CPU
	EndGlobalSection
	GlobalSection(SolutionProperties) = preSolution
		HideSolutionNode = FALSE
	EndGlobalSection
	GlobalSection(NestedProjects) = preSolution
		{4D17D5CB-23C6-4C10-AEFD-89542B2CC128} = {827E0CD3-B72D-47B6-A68D-7590B98EB39B}
		{068A3B70-7E60-45C0-BC5C-BD92834F6DB1} = {827E0CD3-B72D-47B6-A68D-7590B98EB39B}
	EndGlobalSection
EndGlobal
